// !$*UTF8*$!
{
	archiveVersion = 1;
	classes = {
	};
	objectVersion = 55;
	objects = {

/* Begin PBXBuildFile section */
		65A31FD2276F76BC0029A1F3 /* AppDelegate.swift in Sources */ = {isa = PBXBuildFile; fileRef = 65A31FD1276F76BC0029A1F3 /* AppDelegate.swift */; };
		65A31FD4276F76BC0029A1F3 /* SceneDelegate.swift in Sources */ = {isa = PBXBuildFile; fileRef = 65A31FD3276F76BC0029A1F3 /* SceneDelegate.swift */; };
		65A31FD6276F76BC0029A1F3 /* ViewController.swift in Sources */ = {isa = PBXBuildFile; fileRef = 65A31FD5276F76BC0029A1F3 /* ViewController.swift */; };
		65A31FD9276F76BC0029A1F3 /* Main.storyboard in Resources */ = {isa = PBXBuildFile; fileRef = 65A31FD7276F76BC0029A1F3 /* Main.storyboard */; };
		65A31FDB276F76BF0029A1F3 /* Assets.xcassets in Resources */ = {isa = PBXBuildFile; fileRef = 65A31FDA276F76BF0029A1F3 /* Assets.xcassets */; };
		65A31FDE276F76BF0029A1F3 /* LaunchScreen.storyboard in Resources */ = {isa = PBXBuildFile; fileRef = 65A31FDC276F76BF0029A1F3 /* LaunchScreen.storyboard */; };
		BD864F5A13FC8A08DC69C942 /* Pods_RBS_CloudObjects_Test.framework in Frameworks */ = {isa = PBXBuildFile; fileRef = 7701D63FAC1EE76C39E986E1 /* Pods_RBS_CloudObjects_Test.framework */; };
/* End PBXBuildFile section */

/* Begin PBXFileReference section */
		65A31FCE276F76BC0029A1F3 /* RBS-CloudObjects-Test.app */ = {isa = PBXFileReference; explicitFileType = wrapper.application; includeInIndex = 0; path = "RBS-CloudObjects-Test.app"; sourceTree = BUILT_PRODUCTS_DIR; };
		65A31FD1276F76BC0029A1F3 /* AppDelegate.swift */ = {isa = PBXFileReference; lastKnownFileType = sourcecode.swift; path = AppDelegate.swift; sourceTree = "<group>"; };
		65A31FD3276F76BC0029A1F3 /* SceneDelegate.swift */ = {isa = PBXFileReference; lastKnownFileType = sourcecode.swift; path = SceneDelegate.swift; sourceTree = "<group>"; };
		65A31FD5276F76BC0029A1F3 /* ViewController.swift */ = {isa = PBXFileReference; lastKnownFileType = sourcecode.swift; path = ViewController.swift; sourceTree = "<group>"; };
		65A31FD8276F76BC0029A1F3 /* Base */ = {isa = PBXFileReference; lastKnownFileType = file.storyboard; name = Base; path = Base.lproj/Main.storyboard; sourceTree = "<group>"; };
		65A31FDA276F76BF0029A1F3 /* Assets.xcassets */ = {isa = PBXFileReference; lastKnownFileType = folder.assetcatalog; path = Assets.xcassets; sourceTree = "<group>"; };
		65A31FDD276F76BF0029A1F3 /* Base */ = {isa = PBXFileReference; lastKnownFileType = file.storyboard; name = Base; path = Base.lproj/LaunchScreen.storyboard; sourceTree = "<group>"; };
		65A31FDF276F76BF0029A1F3 /* Info.plist */ = {isa = PBXFileReference; lastKnownFileType = text.plist.xml; path = Info.plist; sourceTree = "<group>"; };
		7701D63FAC1EE76C39E986E1 /* Pods_RBS_CloudObjects_Test.framework */ = {isa = PBXFileReference; explicitFileType = wrapper.framework; includeInIndex = 0; path = Pods_RBS_CloudObjects_Test.framework; sourceTree = BUILT_PRODUCTS_DIR; };
		7E5A6941F2A96E16A42FE18F /* Pods-RBS-CloudObjects-Test.release.xcconfig */ = {isa = PBXFileReference; includeInIndex = 1; lastKnownFileType = text.xcconfig; name = "Pods-RBS-CloudObjects-Test.release.xcconfig"; path = "Target Support Files/Pods-RBS-CloudObjects-Test/Pods-RBS-CloudObjects-Test.release.xcconfig"; sourceTree = "<group>"; };
		E0043A27F1763945995CC985 /* Pods-RBS-CloudObjects-Test.debug.xcconfig */ = {isa = PBXFileReference; includeInIndex = 1; lastKnownFileType = text.xcconfig; name = "Pods-RBS-CloudObjects-Test.debug.xcconfig"; path = "Target Support Files/Pods-RBS-CloudObjects-Test/Pods-RBS-CloudObjects-Test.debug.xcconfig"; sourceTree = "<group>"; };
/* End PBXFileReference section */

/* Begin PBXFrameworksBuildPhase section */
		65A31FCB276F76BC0029A1F3 /* Frameworks */ = {
			isa = PBXFrameworksBuildPhase;
			buildActionMask = 2147483647;
			files = (
				BD864F5A13FC8A08DC69C942 /* Pods_RBS_CloudObjects_Test.framework in Frameworks */,
			);
			runOnlyForDeploymentPostprocessing = 0;
		};
/* End PBXFrameworksBuildPhase section */

/* Begin PBXGroup section */
		65A31FC5276F76BC0029A1F3 = {
			isa = PBXGroup;
			children = (
				65A31FD0276F76BC0029A1F3 /* RBS-CloudObjects-Test */,
				65A31FCF276F76BC0029A1F3 /* Products */,
				9F7520DE1F036EFD2AF96A46 /* Pods */,
				E7CF9D1F6B5A09BD92A323F4 /* Frameworks */,
			);
			sourceTree = "<group>";
		};
		65A31FCF276F76BC0029A1F3 /* Products */ = {
			isa = PBXGroup;
			children = (
				65A31FCE276F76BC0029A1F3 /* RBS-CloudObjects-Test.app */,
			);
			name = Products;
			sourceTree = "<group>";
		};
		65A31FD0276F76BC0029A1F3 /* RBS-CloudObjects-Test */ = {
			isa = PBXGroup;
			children = (
				65A31FD1276F76BC0029A1F3 /* AppDelegate.swift */,
				65A31FD3276F76BC0029A1F3 /* SceneDelegate.swift */,
				65A31FD5276F76BC0029A1F3 /* ViewController.swift */,
				65A31FD7276F76BC0029A1F3 /* Main.storyboard */,
				65A31FDA276F76BF0029A1F3 /* Assets.xcassets */,
				65A31FDC276F76BF0029A1F3 /* LaunchScreen.storyboard */,
				65A31FDF276F76BF0029A1F3 /* Info.plist */,
			);
			path = "RBS-CloudObjects-Test";
			sourceTree = "<group>";
		};
		9F7520DE1F036EFD2AF96A46 /* Pods */ = {
			isa = PBXGroup;
			children = (
				E0043A27F1763945995CC985 /* Pods-RBS-CloudObjects-Test.debug.xcconfig */,
				7E5A6941F2A96E16A42FE18F /* Pods-RBS-CloudObjects-Test.release.xcconfig */,
			);
			name = Pods;
			path = Pods;
			sourceTree = "<group>";
		};
		E7CF9D1F6B5A09BD92A323F4 /* Frameworks */ = {
			isa = PBXGroup;
			children = (
				7701D63FAC1EE76C39E986E1 /* Pods_RBS_CloudObjects_Test.framework */,
			);
			name = Frameworks;
			sourceTree = "<group>";
		};
/* End PBXGroup section */

/* Begin PBXNativeTarget section */
		65A31FCD276F76BC0029A1F3 /* RBS-CloudObjects-Test */ = {
			isa = PBXNativeTarget;
			buildConfigurationList = 65A31FE2276F76BF0029A1F3 /* Build configuration list for PBXNativeTarget "RBS-CloudObjects-Test" */;
			buildPhases = (
				101C138713F50264416A8711 /* [CP] Check Pods Manifest.lock */,
				65A31FCA276F76BC0029A1F3 /* Sources */,
				65A31FCB276F76BC0029A1F3 /* Frameworks */,
				65A31FCC276F76BC0029A1F3 /* Resources */,
				4164B78D4A4EFDF88FD02415 /* [CP] Embed Pods Frameworks */,
			);
			buildRules = (
			);
			dependencies = (
			);
			name = "RBS-CloudObjects-Test";
			productName = "RBS-CloudObjects-Test";
			productReference = 65A31FCE276F76BC0029A1F3 /* RBS-CloudObjects-Test.app */;
			productType = "com.apple.product-type.application";
		};
/* End PBXNativeTarget section */

/* Begin PBXProject section */
		65A31FC6276F76BC0029A1F3 /* Project object */ = {
			isa = PBXProject;
			attributes = {
				BuildIndependentTargetsInParallel = 1;
				LastSwiftUpdateCheck = 1320;
				LastUpgradeCheck = 1320;
				TargetAttributes = {
					65A31FCD276F76BC0029A1F3 = {
						CreatedOnToolsVersion = 13.2;
					};
				};
			};
			buildConfigurationList = 65A31FC9276F76BC0029A1F3 /* Build configuration list for PBXProject "RBS-CloudObjects-Test" */;
			compatibilityVersion = "Xcode 13.0";
			developmentRegion = en;
			hasScannedForEncodings = 0;
			knownRegions = (
				en,
				Base,
			);
			mainGroup = 65A31FC5276F76BC0029A1F3;
			productRefGroup = 65A31FCF276F76BC0029A1F3 /* Products */;
			projectDirPath = "";
			projectRoot = "";
			targets = (
				65A31FCD276F76BC0029A1F3 /* RBS-CloudObjects-Test */,
			);
		};
/* End PBXProject section */

/* Begin PBXResourcesBuildPhase section */
		65A31FCC276F76BC0029A1F3 /* Resources */ = {
			isa = PBXResourcesBuildPhase;
			buildActionMask = 2147483647;
			files = (
				65A31FDE276F76BF0029A1F3 /* LaunchScreen.storyboard in Resources */,
				65A31FDB276F76BF0029A1F3 /* Assets.xcassets in Resources */,
				65A31FD9276F76BC0029A1F3 /* Main.storyboard in Resources */,
			);
			runOnlyForDeploymentPostprocessing = 0;
		};
/* End PBXResourcesBuildPhase section */

/* Begin PBXShellScriptBuildPhase section */
		101C138713F50264416A8711 /* [CP] Check Pods Manifest.lock */ = {
			isa = PBXShellScriptBuildPhase;
			buildActionMask = 2147483647;
			files = (
			);
			inputFileListPaths = (
			);
			inputPaths = (
				"${PODS_PODFILE_DIR_PATH}/Podfile.lock",
				"${PODS_ROOT}/Manifest.lock",
			);
			name = "[CP] Check Pods Manifest.lock";
			outputFileListPaths = (
			);
			outputPaths = (
				"$(DERIVED_FILE_DIR)/Pods-RBS-CloudObjects-Test-checkManifestLockResult.txt",
			);
			runOnlyForDeploymentPostprocessing = 0;
			shellPath = /bin/sh;
			shellScript = "diff \"${PODS_PODFILE_DIR_PATH}/Podfile.lock\" \"${PODS_ROOT}/Manifest.lock\" > /dev/null\nif [ $? != 0 ] ; then\n    # print error to STDERR\n    echo \"error: The sandbox is not in sync with the Podfile.lock. Run 'pod install' or update your CocoaPods installation.\" >&2\n    exit 1\nfi\n# This output is used by Xcode 'outputs' to avoid re-running this script phase.\necho \"SUCCESS\" > \"${SCRIPT_OUTPUT_FILE_0}\"\n";
			showEnvVarsInLog = 0;
		};
		4164B78D4A4EFDF88FD02415 /* [CP] Embed Pods Frameworks */ = {
			isa = PBXShellScriptBuildPhase;
			buildActionMask = 2147483647;
			files = (
			);
			inputFileListPaths = (
				"${PODS_ROOT}/Target Support Files/Pods-RBS-CloudObjects-Test/Pods-RBS-CloudObjects-Test-frameworks-${CONFIGURATION}-input-files.xcfilelist",
			);
			name = "[CP] Embed Pods Frameworks";
			outputFileListPaths = (
				"${PODS_ROOT}/Target Support Files/Pods-RBS-CloudObjects-Test/Pods-RBS-CloudObjects-Test-frameworks-${CONFIGURATION}-output-files.xcfilelist",
			);
			runOnlyForDeploymentPostprocessing = 0;
			shellPath = /bin/sh;
			shellScript = "\"${PODS_ROOT}/Target Support Files/Pods-RBS-CloudObjects-Test/Pods-RBS-CloudObjects-Test-frameworks.sh\"\n";
			showEnvVarsInLog = 0;
		};
/* End PBXShellScriptBuildPhase section */

/* Begin PBXSourcesBuildPhase section */
		65A31FCA276F76BC0029A1F3 /* Sources */ = {
			isa = PBXSourcesBuildPhase;
			buildActionMask = 2147483647;
			files = (
				65A31FD6276F76BC0029A1F3 /* ViewController.swift in Sources */,
				65A31FD2276F76BC0029A1F3 /* AppDelegate.swift in Sources */,
				65A31FD4276F76BC0029A1F3 /* SceneDelegate.swift in Sources */,
			);
			runOnlyForDeploymentPostprocessing = 0;
		};
/* End PBXSourcesBuildPhase section */

/* Begin PBXVariantGroup section */
		65A31FD7276F76BC0029A1F3 /* Main.storyboard */ = {
			isa = PBXVariantGroup;
			children = (
				65A31FD8276F76BC0029A1F3 /* Base */,
			);
			name = Main.storyboard;
			sourceTree = "<group>";
		};
		65A31FDC276F76BF0029A1F3 /* LaunchScreen.storyboard */ = {
			isa = PBXVariantGroup;
			children = (
				65A31FDD276F76BF0029A1F3 /* Base */,
			);
			name = LaunchScreen.storyboard;
			sourceTree = "<group>";
		};
/* End PBXVariantGroup section */

/* Begin XCBuildConfiguration section */
		65A31FE0276F76BF0029A1F3 /* Debug */ = {
			isa = XCBuildConfiguration;
			buildSettings = {
				ALWAYS_SEARCH_USER_PATHS = NO;
				CLANG_ANALYZER_NONNULL = YES;
				CLANG_ANALYZER_NUMBER_OBJECT_CONVERSION = YES_AGGRESSIVE;
				CLANG_CXX_LANGUAGE_STANDARD = "gnu++17";
				CLANG_CXX_LIBRARY = "libc++";
				CLANG_ENABLE_MODULES = YES;
				CLANG_ENABLE_OBJC_ARC = YES;
				CLANG_ENABLE_OBJC_WEAK = YES;
				CLANG_WARN_BLOCK_CAPTURE_AUTORELEASING = YES;
				CLANG_WARN_BOOL_CONVERSION = YES;
				CLANG_WARN_COMMA = YES;
				CLANG_WARN_CONSTANT_CONVERSION = YES;
				CLANG_WARN_DEPRECATED_OBJC_IMPLEMENTATIONS = YES;
				CLANG_WARN_DIRECT_OBJC_ISA_USAGE = YES_ERROR;
				CLANG_WARN_DOCUMENTATION_COMMENTS = YES;
				CLANG_WARN_EMPTY_BODY = YES;
				CLANG_WARN_ENUM_CONVERSION = YES;
				CLANG_WARN_INFINITE_RECURSION = YES;
				CLANG_WARN_INT_CONVERSION = YES;
				CLANG_WARN_NON_LITERAL_NULL_CONVERSION = YES;
				CLANG_WARN_OBJC_IMPLICIT_RETAIN_SELF = YES;
				CLANG_WARN_OBJC_LITERAL_CONVERSION = YES;
				CLANG_WARN_OBJC_ROOT_CLASS = YES_ERROR;
				CLANG_WARN_QUOTED_INCLUDE_IN_FRAMEWORK_HEADER = YES;
				CLANG_WARN_RANGE_LOOP_ANALYSIS = YES;
				CLANG_WARN_STRICT_PROTOTYPES = YES;
				CLANG_WARN_SUSPICIOUS_MOVE = YES;
				CLANG_WARN_UNGUARDED_AVAILABILITY = YES_AGGRESSIVE;
				CLANG_WARN_UNREACHABLE_CODE = YES;
				CLANG_WARN__DUPLICATE_METHOD_MATCH = YES;
				COPY_PHASE_STRIP = NO;
				DEBUG_INFORMATION_FORMAT = dwarf;
				ENABLE_STRICT_OBJC_MSGSEND = YES;
				ENABLE_TESTABILITY = YES;
				GCC_C_LANGUAGE_STANDARD = gnu11;
				GCC_DYNAMIC_NO_PIC = NO;
				GCC_NO_COMMON_BLOCKS = YES;
				GCC_OPTIMIZATION_LEVEL = 0;
				GCC_PREPROCESSOR_DEFINITIONS = (
					"DEBUG=1",
					"$(inherited)",
				);
				GCC_WARN_64_TO_32_BIT_CONVERSION = YES;
				GCC_WARN_ABOUT_RETURN_TYPE = YES_ERROR;
				GCC_WARN_UNDECLARED_SELECTOR = YES;
				GCC_WARN_UNINITIALIZED_AUTOS = YES_AGGRESSIVE;
				GCC_WARN_UNUSED_FUNCTION = YES;
				GCC_WARN_UNUSED_VARIABLE = YES;
				IPHONEOS_DEPLOYMENT_TARGET = 15.2;
				MTL_ENABLE_DEBUG_INFO = INCLUDE_SOURCE;
				MTL_FAST_MATH = YES;
				ONLY_ACTIVE_ARCH = YES;
				SDKROOT = iphoneos;
				SWIFT_ACTIVE_COMPILATION_CONDITIONS = DEBUG;
				SWIFT_OPTIMIZATION_LEVEL = "-Onone";
			};
			name = Debug;
		};
		65A31FE1276F76BF0029A1F3 /* Release */ = {
			isa = XCBuildConfiguration;
			buildSettings = {
				ALWAYS_SEARCH_USER_PATHS = NO;
				CLANG_ANALYZER_NONNULL = YES;
				CLANG_ANALYZER_NUMBER_OBJECT_CONVERSION = YES_AGGRESSIVE;
				CLANG_CXX_LANGUAGE_STANDARD = "gnu++17";
				CLANG_CXX_LIBRARY = "libc++";
				CLANG_ENABLE_MODULES = YES;
				CLANG_ENABLE_OBJC_ARC = YES;
				CLANG_ENABLE_OBJC_WEAK = YES;
				CLANG_WARN_BLOCK_CAPTURE_AUTORELEASING = YES;
				CLANG_WARN_BOOL_CONVERSION = YES;
				CLANG_WARN_COMMA = YES;
				CLANG_WARN_CONSTANT_CONVERSION = YES;
				CLANG_WARN_DEPRECATED_OBJC_IMPLEMENTATIONS = YES;
				CLANG_WARN_DIRECT_OBJC_ISA_USAGE = YES_ERROR;
				CLANG_WARN_DOCUMENTATION_COMMENTS = YES;
				CLANG_WARN_EMPTY_BODY = YES;
				CLANG_WARN_ENUM_CONVERSION = YES;
				CLANG_WARN_INFINITE_RECURSION = YES;
				CLANG_WARN_INT_CONVERSION = YES;
				CLANG_WARN_NON_LITERAL_NULL_CONVERSION = YES;
				CLANG_WARN_OBJC_IMPLICIT_RETAIN_SELF = YES;
				CLANG_WARN_OBJC_LITERAL_CONVERSION = YES;
				CLANG_WARN_OBJC_ROOT_CLASS = YES_ERROR;
				CLANG_WARN_QUOTED_INCLUDE_IN_FRAMEWORK_HEADER = YES;
				CLANG_WARN_RANGE_LOOP_ANALYSIS = YES;
				CLANG_WARN_STRICT_PROTOTYPES = YES;
				CLANG_WARN_SUSPICIOUS_MOVE = YES;
				CLANG_WARN_UNGUARDED_AVAILABILITY = YES_AGGRESSIVE;
				CLANG_WARN_UNREACHABLE_CODE = YES;
				CLANG_WARN__DUPLICATE_METHOD_MATCH = YES;
				COPY_PHASE_STRIP = NO;
				DEBUG_INFORMATION_FORMAT = "dwarf-with-dsym";
				ENABLE_NS_ASSERTIONS = NO;
				ENABLE_STRICT_OBJC_MSGSEND = YES;
				GCC_C_LANGUAGE_STANDARD = gnu11;
				GCC_NO_COMMON_BLOCKS = YES;
				GCC_WARN_64_TO_32_BIT_CONVERSION = YES;
				GCC_WARN_ABOUT_RETURN_TYPE = YES_ERROR;
				GCC_WARN_UNDECLARED_SELECTOR = YES;
				GCC_WARN_UNINITIALIZED_AUTOS = YES_AGGRESSIVE;
				GCC_WARN_UNUSED_FUNCTION = YES;
				GCC_WARN_UNUSED_VARIABLE = YES;
				IPHONEOS_DEPLOYMENT_TARGET = 15.2;
				MTL_ENABLE_DEBUG_INFO = NO;
				MTL_FAST_MATH = YES;
				SDKROOT = iphoneos;
				SWIFT_COMPILATION_MODE = wholemodule;
				SWIFT_OPTIMIZATION_LEVEL = "-O";
				VALIDATE_PRODUCT = YES;
			};
			name = Release;
		};
		65A31FE3276F76BF0029A1F3 /* Debug */ = {
			isa = XCBuildConfiguration;
			baseConfigurationReference = E0043A27F1763945995CC985 /* Pods-RBS-CloudObjects-Test.debug.xcconfig */;
			buildSettings = {
				ASSETCATALOG_COMPILER_APPICON_NAME = AppIcon;
				ASSETCATALOG_COMPILER_GLOBAL_ACCENT_COLOR_NAME = AccentColor;
				CODE_SIGN_STYLE = Automatic;
				CURRENT_PROJECT_VERSION = 1;
				GENERATE_INFOPLIST_FILE = YES;
				INFOPLIST_FILE = "RBS-CloudObjects-Test/Info.plist";
				INFOPLIST_KEY_UIApplicationSupportsIndirectInputEvents = YES;
				INFOPLIST_KEY_UILaunchStoryboardName = LaunchScreen;
				INFOPLIST_KEY_UIMainStoryboardFile = Main;
				INFOPLIST_KEY_UISupportedInterfaceOrientations_iPad = "UIInterfaceOrientationPortrait UIInterfaceOrientationPortraitUpsideDown UIInterfaceOrientationLandscapeLeft UIInterfaceOrientationLandscapeRight";
				INFOPLIST_KEY_UISupportedInterfaceOrientations_iPhone = "UIInterfaceOrientationPortrait UIInterfaceOrientationLandscapeLeft UIInterfaceOrientationLandscapeRight";
				LD_RUNPATH_SEARCH_PATHS = (
					"$(inherited)",
					"@executable_path/Frameworks",
				);
				MARKETING_VERSION = 1.0;
				PRODUCT_BUNDLE_IDENTIFIER = "Rettersoft.RBS-CloudObjects-Test";
				PRODUCT_NAME = "$(TARGET_NAME)";
				SWIFT_EMIT_LOC_STRINGS = YES;
				SWIFT_VERSION = 5.0;
				TARGETED_DEVICE_FAMILY = "1,2";
			};
			name = Debug;
		};
		65A31FE4276F76BF0029A1F3 /* Release */ = {
			isa = XCBuildConfiguration;
			baseConfigurationReference = 7E5A6941F2A96E16A42FE18F /* Pods-RBS-CloudObjects-Test.release.xcconfig */;
			buildSettings = {
				ASSETCATALOG_COMPILER_APPICON_NAME = AppIcon;
				ASSETCATALOG_COMPILER_GLOBAL_ACCENT_COLOR_NAME = AccentColor;
				CODE_SIGN_STYLE = Automatic;
				CURRENT_PROJECT_VERSION = 1;
				GENERATE_INFOPLIST_FILE = YES;
				INFOPLIST_FILE = "RBS-CloudObjects-Test/Info.plist";
				INFOPLIST_KEY_UIApplicationSupportsIndirectInputEvents = YES;
				INFOPLIST_KEY_UILaunchStoryboardName = LaunchScreen;
				INFOPLIST_KEY_UIMainStoryboardFile = Main;
				INFOPLIST_KEY_UISupportedInterfaceOrientations_iPad = "UIInterfaceOrientationPortrait UIInterfaceOrientationPortraitUpsideDown UIInterfaceOrientationLandscapeLeft UIInterfaceOrientationLandscapeRight";
				INFOPLIST_KEY_UISupportedInterfaceOrientations_iPhone = "UIInterfaceOrientationPortrait UIInterfaceOrientationLandscapeLeft UIInterfaceOrientationLandscapeRight";
				LD_RUNPATH_SEARCH_PATHS = (
					"$(inherited)",
					"@executable_path/Frameworks",
				);
				MARKETING_VERSION = 1.0;
				PRODUCT_BUNDLE_IDENTIFIER = "Rettersoft.RBS-CloudObjects-Test";
				PRODUCT_NAME = "$(TARGET_NAME)";
				SWIFT_EMIT_LOC_STRINGS = YES;
				SWIFT_VERSION = 5.0;
				TARGETED_DEVICE_FAMILY = "1,2";
			};
			name = Release;
		};
/* End XCBuildConfiguration section */

/* Begin XCConfigurationList section */
		65A31FC9276F76BC0029A1F3 /* Build configuration list for PBXProject "RBS-CloudObjects-Test" */ = {
			isa = XCConfigurationList;
			buildConfigurations = (
				65A31FE0276F76BF0029A1F3 /* Debug */,
				65A31FE1276F76BF0029A1F3 /* Release */,
			);
			defaultConfigurationIsVisible = 0;
			defaultConfigurationName = Release;
		};
		65A31FE2276F76BF0029A1F3 /* Build configuration list for PBXNativeTarget "RBS-CloudObjects-Test" */ = {
			isa = XCConfigurationList;
			buildConfigurations = (
				65A31FE3276F76BF0029A1F3 /* Debug */,
				65A31FE4276F76BF0029A1F3 /* Release */,
			);
			defaultConfigurationIsVisible = 0;
			defaultConfigurationName = Release;
		};
/* End XCConfigurationList section */
	};
	rootObject = 65A31FC6276F76BC0029A1F3 /* Project object */;
}
